{
  "name": "poc-node-vulnerable-app-lock",
  "lockfileVersion": 2,
  "requires": true,
  "packages": {
    "": {
      "name": "poc-node-vulnerable-app",
      "version": "1.0.0"
    },
    "node_modules/express": {
      "version": "4.17.1"
    },
    "node_modules/mysql": {
      "version": "2.18.1"
    }
  }
}
